
Microsoft Visual Studio Solution File, Format Version 12.00
# Visual Studio Version 17
VisualStudioVersion = 17.0.31903.59
MinimumVisualStudioVersion = 10.0.40219.1
Project("{2150E333-8FDC-42A3-9474-1A3956D46DE8}") = "src", "src", "{AF2468D2-B6FA-42CD-820A-71EA9DACB1CE}"
EndProject
Project("{FAE04EC0-301F-11D3-BF4B-00C04F79EFBC}") = "DeepIn.PublicAPI", "DeepIn.PublicAPI\DeepIn.PublicAPI.csproj", "{3A4D3A2B-13AB-40FA-845F-A9D5F12D4129}"
EndProject
Global
	GlobalSection(SolutionConfigurationPlatforms) = preSolution
		Debug|Any CPU = Debug|Any CPU
		Release|Any CPU = Release|Any CPU
	EndGlobalSection
	GlobalSection(ProjectConfigurationPlatforms) = postSolution
		{3A4D3A2B-13AB-40FA-845F-A9D5F12D4129}.Debug|Any CPU.ActiveCfg = Debug|Any CPU
		{3A4D3A2B-13AB-40FA-845F-A9D5F12D4129}.Debug|Any CPU.Build.0 = Debug|Any CPU
		{3A4D3A2B-13AB-40FA-845F-A9D5F12D4129}.Release|Any CPU.ActiveCfg = Release|Any CPU
		{3A4D3A2B-13AB-40FA-845F-A9D5F12D4129}.Release|Any CPU.Build.0 = Release|Any CPU
	EndGlobalSection
	GlobalSection(SolutionProperties) = preSolution
		HideSolutionNode = FALSE
	EndGlobalSection
	GlobalSection(NestedProjects) = preSolution
		{3A4D3A2B-13AB-40FA-845F-A9D5F12D4129} = {AF2468D2-B6FA-42CD-820A-71EA9DACB1CE}
	EndGlobalSection
EndGlobal
